Microsoft Visual Studio Solution File, Format Version 12.00
# Visual Studio Version 17
VisualStudioVersion = 17.8.34322.80
MinimumVisualStudioVersion = 10.0.40219.1
Project("{2150E333-8FDC-42A3-9474-1A3956D46DE8}") = "src", "src", "{7E3691C6-7BD3-4DBF-BD06-749F79A4E61C}"
EndProject
Project("{2150E333-8FDC-42A3-9474-1A3956D46DE8}") = "tests", "tests", "{5038C4F2-1F59-4E5A-9F58-9E98DF5BE940}"
EndProject
Project("{FAE04EC0-301F-11D3-BF4B-00C04F79EFBC}") = "RowLang.Core", "src\RowLang.Core\RowLang.Core.csproj", "{295B5DD5-F073-4EDA-8073-3369AE0E6E75}"
EndProject
Project("{FAE04EC0-301F-11D3-BF4B-00C04F79EFBC}") = "RowLang.Cli", "src\RowLang.Cli\RowLang.Cli.csproj", "{6B860C05-5E15-4E96-B9AF-919C71697161}"
EndProject
Project("{FAE04EC0-301F-11D3-BF4B-00C04F79EFBC}") = "RowLang.Tests", "tests\RowLang.Tests\RowLang.Tests.csproj", "{F337BCA3-35DD-47BE-B9AE-3425BA8A610F}"
EndProject
Global
GlobalSection(SolutionConfigurationPlatforms) = preSolution
Debug|Any CPU = Debug|Any CPU
Release|Any CPU = Release|Any CPU
EndGlobalSection
GlobalSection(ProjectConfigurationPlatforms) = postSolution
{295B5DD5-F073-4EDA-8073-3369AE0E6E75}.Debug|Any CPU.ActiveCfg = Debug|Any CPU
{295B5DD5-F073-4EDA-8073-3369AE0E6E75}.Debug|Any CPU.Build.0 = Debug|Any CPU
{295B5DD5-F073-4EDA-8073-3369AE0E6E75}.Release|Any CPU.ActiveCfg = Release|Any CPU
{295B5DD5-F073-4EDA-8073-3369AE0E6E75}.Release|Any CPU.Build.0 = Release|Any CPU
{6B860C05-5E15-4E96-B9AF-919C71697161}.Debug|Any CPU.ActiveCfg = Debug|Any CPU
{6B860C05-5E15-4E96-B9AF-919C71697161}.Debug|Any CPU.Build.0 = Debug|Any CPU
{6B860C05-5E15-4E96-B9AF-919C71697161}.Release|Any CPU.ActiveCfg = Release|Any CPU
{6B860C05-5E15-4E96-B9AF-919C71697161}.Release|Any CPU.Build.0 = Release|Any CPU
{F337BCA3-35DD-47BE-B9AE-3425BA8A610F}.Debug|Any CPU.ActiveCfg = Debug|Any CPU
{F337BCA3-35DD-47BE-B9AE-3425BA8A610F}.Debug|Any CPU.Build.0 = Debug|Any CPU
{F337BCA3-35DD-47BE-B9AE-3425BA8A610F}.Release|Any CPU.ActiveCfg = Release|Any CPU
{F337BCA3-35DD-47BE-B9AE-3425BA8A610F}.Release|Any CPU.Build.0 = Release|Any CPU
EndGlobalSection
GlobalSection(SolutionProperties) = preSolution
HideSolutionNode = FALSE
EndGlobalSection
GlobalSection(NestedProjects) = preSolution
{295B5DD5-F073-4EDA-8073-3369AE0E6E75} = {7E3691C6-7BD3-4DBF-BD06-749F79A4E61C}
{6B860C05-5E15-4E96-B9AF-919C71697161} = {7E3691C6-7BD3-4DBF-BD06-749F79A4E61C}
{F337BCA3-35DD-47BE-B9AE-3425BA8A610F} = {5038C4F2-1F59-4E5A-9F58-9E98DF5BE940}
EndGlobalSection
GlobalSection(ExtensibilityGlobals) = postSolution
SolutionGuid = {BF7A1405-D811-4A31-9914-B96FE0873A28}
EndGlobalSection
EndGlobal
